
Microsoft Visual Studio Solution File, Format Version 12.00
# Visual Studio Version 17
VisualStudioVersion = 17.13.35919.96 d17.13
MinimumVisualStudioVersion = 10.0.40219.1
Project("{FAE04EC0-301F-11D3-BF4B-00C04F79EFBC}") = "ConsoleApp5", "ConsoleApp5.csproj", "{00F2A4CB-2916-4CC2-B37E-9EB565E09383}"
EndProject
Global
	GlobalSection(SolutionConfigurationPlatforms) = preSolution
		Debug|Any CPU = Debug|Any CPU
		Release|Any CPU = Release|Any CPU
	EndGlobalSection
	GlobalSection(ProjectConfigurationPlatforms) = postSolution
		{00F2A4CB-2916-4CC2-B37E-9EB565E09383}.Debug|Any CPU.ActiveCfg = Debug|Any CPU
		{00F2A4CB-2916-4CC2-B37E-9EB565E09383}.Debug|Any CPU.Build.0 = Debug|Any CPU
		{00F2A4CB-2916-4CC2-B37E-9EB565E09383}.Release|Any CPU.ActiveCfg = Release|Any CPU
		{00F2A4CB-2916-4CC2-B37E-9EB565E09383}.Release|Any CPU.Build.0 = Release|Any CPU
	EndGlobalSection
	GlobalSection(SolutionProperties) = preSolution
		HideSolutionNode = FALSE
	EndGlobalSection
	GlobalSection(ExtensibilityGlobals) = postSolution
		SolutionGuid = {47E07242-6B6D-4D91-B239-115BC15FD85C}
	EndGlobalSection
EndGlobal
