
Microsoft Visual Studio Solution File, Format Version 12.00
# Visual Studio Version 17
VisualStudioVersion = 17.13.35919.96 d17.13
MinimumVisualStudioVersion = 10.0.40219.1
Project("{FAE04EC0-301F-11D3-BF4B-00C04F79EFBC}") = "HospitalManagement", "HospitalManagement.csproj", "{596A61D3-A2B8-4FD6-8723-755E3CDC1211}"
EndProject
Global
	GlobalSection(SolutionConfigurationPlatforms) = preSolution
		Debug|Any CPU = Debug|Any CPU
		Release|Any CPU = Release|Any CPU
	EndGlobalSection
	GlobalSection(ProjectConfigurationPlatforms) = postSolution
		{596A61D3-A2B8-4FD6-8723-755E3CDC1211}.Debug|Any CPU.ActiveCfg = Debug|Any CPU
		{596A61D3-A2B8-4FD6-8723-755E3CDC1211}.Debug|Any CPU.Build.0 = Debug|Any CPU
		{596A61D3-A2B8-4FD6-8723-755E3CDC1211}.Release|Any CPU.ActiveCfg = Release|Any CPU
		{596A61D3-A2B8-4FD6-8723-755E3CDC1211}.Release|Any CPU.Build.0 = Release|Any CPU
	EndGlobalSection
	GlobalSection(SolutionProperties) = preSolution
		HideSolutionNode = FALSE
	EndGlobalSection
	GlobalSection(ExtensibilityGlobals) = postSolution
		SolutionGuid = {81ED6AED-E3A9-49D9-8A46-2B51D9C05330}
	EndGlobalSection
EndGlobal
