
Microsoft Visual Studio Solution File, Format Version 12.00
# Visual Studio Version 17
VisualStudioVersion = 17.13.35919.96 d17.13
MinimumVisualStudioVersion = 10.0.40219.1
Project("{FAE04EC0-301F-11D3-BF4B-00C04F79EFBC}") = "GSTAPI", "GSTAPI.csproj", "{0D94B620-4A80-4B6F-B2F1-2376E4DC99B1}"
EndProject
Global
	GlobalSection(SolutionConfigurationPlatforms) = preSolution
		Debug|Any CPU = Debug|Any CPU
		Release|Any CPU = Release|Any CPU
	EndGlobalSection
	GlobalSection(ProjectConfigurationPlatforms) = postSolution
		{0D94B620-4A80-4B6F-B2F1-2376E4DC99B1}.Debug|Any CPU.ActiveCfg = Debug|Any CPU
		{0D94B620-4A80-4B6F-B2F1-2376E4DC99B1}.Debug|Any CPU.Build.0 = Debug|Any CPU
		{0D94B620-4A80-4B6F-B2F1-2376E4DC99B1}.Release|Any CPU.ActiveCfg = Release|Any CPU
		{0D94B620-4A80-4B6F-B2F1-2376E4DC99B1}.Release|Any CPU.Build.0 = Release|Any CPU
	EndGlobalSection
	GlobalSection(SolutionProperties) = preSolution
		HideSolutionNode = FALSE
	EndGlobalSection
	GlobalSection(ExtensibilityGlobals) = postSolution
		SolutionGuid = {D5FEBDCE-242A-44C1-9F2C-6394ECD3ADC7}
	EndGlobalSection
EndGlobal
