
Microsoft Visual Studio Solution File, Format Version 12.00
# Visual Studio Version 17
VisualStudioVersion = 17.14.36202.13 d17.14
MinimumVisualStudioVersion = 10.0.40219.1
Project("{FAE04EC0-301F-11D3-BF4B-00C04F79EFBC}") = "EF_DBFirst_Demo", "EF_DBFirst_Demo\EF_DBFirst_Demo.csproj", "{0638B10F-BCBE-431A-B928-605A9875D2CC}"
EndProject
Global
	GlobalSection(SolutionConfigurationPlatforms) = preSolution
		Debug|Any CPU = Debug|Any CPU
		Release|Any CPU = Release|Any CPU
	EndGlobalSection
	GlobalSection(ProjectConfigurationPlatforms) = postSolution
		{0638B10F-BCBE-431A-B928-605A9875D2CC}.Debug|Any CPU.ActiveCfg = Debug|Any CPU
		{0638B10F-BCBE-431A-B928-605A9875D2CC}.Debug|Any CPU.Build.0 = Debug|Any CPU
		{0638B10F-BCBE-431A-B928-605A9875D2CC}.Release|Any CPU.ActiveCfg = Release|Any CPU
		{0638B10F-BCBE-431A-B928-605A9875D2CC}.Release|Any CPU.Build.0 = Release|Any CPU
	EndGlobalSection
	GlobalSection(SolutionProperties) = preSolution
		HideSolutionNode = FALSE
	EndGlobalSection
	GlobalSection(ExtensibilityGlobals) = postSolution
		SolutionGuid = {8C7595FE-E86B-418B-A109-D83E1287568B}
	EndGlobalSection
EndGlobal
