
Microsoft Visual Studio Solution File, Format Version 12.00
# Visual Studio Version 17
VisualStudioVersion = 17.13.35919.96 d17.13
MinimumVisualStudioVersion = 10.0.40219.1
Project("{FAE04EC0-301F-11D3-BF4B-00C04F79EFBC}") = "ConsoleApp2", "ConsoleApp2.csproj", "{2E2EE839-9580-400A-9585-75391AD84F40}"
EndProject
Global
	GlobalSection(SolutionConfigurationPlatforms) = preSolution
		Debug|Any CPU = Debug|Any CPU
		Release|Any CPU = Release|Any CPU
	EndGlobalSection
	GlobalSection(ProjectConfigurationPlatforms) = postSolution
		{2E2EE839-9580-400A-9585-75391AD84F40}.Debug|Any CPU.ActiveCfg = Debug|Any CPU
		{2E2EE839-9580-400A-9585-75391AD84F40}.Debug|Any CPU.Build.0 = Debug|Any CPU
		{2E2EE839-9580-400A-9585-75391AD84F40}.Release|Any CPU.ActiveCfg = Release|Any CPU
		{2E2EE839-9580-400A-9585-75391AD84F40}.Release|Any CPU.Build.0 = Release|Any CPU
	EndGlobalSection
	GlobalSection(SolutionProperties) = preSolution
		HideSolutionNode = FALSE
	EndGlobalSection
	GlobalSection(ExtensibilityGlobals) = postSolution
		SolutionGuid = {AEA28B29-7005-4518-8066-5A3C798C8B2F}
	EndGlobalSection
EndGlobal
