
Microsoft Visual Studio Solution File, Format Version 12.00
# Visual Studio Version 17
VisualStudioVersion = 17.14.36202.13 d17.14
MinimumVisualStudioVersion = 10.0.40219.1
Project("{FAE04EC0-301F-11D3-BF4B-00C04F79EFBC}") = "EFCoreRawSQLApi", "EFCoreRawSQLApi\EFCoreRawSQLApi.csproj", "{00CD1563-1289-451A-A2D9-B0282864521B}"
EndProject
Global
	GlobalSection(SolutionConfigurationPlatforms) = preSolution
		Debug|Any CPU = Debug|Any CPU
		Release|Any CPU = Release|Any CPU
	EndGlobalSection
	GlobalSection(ProjectConfigurationPlatforms) = postSolution
		{00CD1563-1289-451A-A2D9-B0282864521B}.Debug|Any CPU.ActiveCfg = Debug|Any CPU
		{00CD1563-1289-451A-A2D9-B0282864521B}.Debug|Any CPU.Build.0 = Debug|Any CPU
		{00CD1563-1289-451A-A2D9-B0282864521B}.Release|Any CPU.ActiveCfg = Release|Any CPU
		{00CD1563-1289-451A-A2D9-B0282864521B}.Release|Any CPU.Build.0 = Release|Any CPU
	EndGlobalSection
	GlobalSection(SolutionProperties) = preSolution
		HideSolutionNode = FALSE
	EndGlobalSection
	GlobalSection(ExtensibilityGlobals) = postSolution
		SolutionGuid = {495048C7-941C-4E10-BA2B-F7E122A3EF41}
	EndGlobalSection
EndGlobal
