
Microsoft Visual Studio Solution File, Format Version 12.00
# Visual Studio Version 17
VisualStudioVersion = 17.13.35913.81 d17.13
MinimumVisualStudioVersion = 10.0.40219.1
Project("{FAE04EC0-301F-11D3-BF4B-00C04F79EFBC}") = "NamespaceLibrary", "NamespaceLibrary.csproj", "{1C207B47-62DE-43F0-BACB-1A16D0784A79}"
EndProject
Project("{FAE04EC0-301F-11D3-BF4B-00C04F79EFBC}") = "NamespaceDemo", "..\NamespaceDemo\NamespaceDemo.csproj", "{7FD5992A-A92D-4664-9E90-80B235A95F21}"
EndProject
Global
	GlobalSection(SolutionConfigurationPlatforms) = preSolution
		Debug|Any CPU = Debug|Any CPU
		Release|Any CPU = Release|Any CPU
	EndGlobalSection
	GlobalSection(ProjectConfigurationPlatforms) = postSolution
		{1C207B47-62DE-43F0-BACB-1A16D0784A79}.Debug|Any CPU.ActiveCfg = Debug|Any CPU
		{1C207B47-62DE-43F0-BACB-1A16D0784A79}.Debug|Any CPU.Build.0 = Debug|Any CPU
		{1C207B47-62DE-43F0-BACB-1A16D0784A79}.Release|Any CPU.ActiveCfg = Release|Any CPU
		{1C207B47-62DE-43F0-BACB-1A16D0784A79}.Release|Any CPU.Build.0 = Release|Any CPU
		{7FD5992A-A92D-4664-9E90-80B235A95F21}.Debug|Any CPU.ActiveCfg = Debug|Any CPU
		{7FD5992A-A92D-4664-9E90-80B235A95F21}.Debug|Any CPU.Build.0 = Debug|Any CPU
		{7FD5992A-A92D-4664-9E90-80B235A95F21}.Release|Any CPU.ActiveCfg = Release|Any CPU
		{7FD5992A-A92D-4664-9E90-80B235A95F21}.Release|Any CPU.Build.0 = Release|Any CPU
	EndGlobalSection
	GlobalSection(SolutionProperties) = preSolution
		HideSolutionNode = FALSE
	EndGlobalSection
	GlobalSection(ExtensibilityGlobals) = postSolution
		SolutionGuid = {3812F00B-041D-4BD1-BE6D-EA4A7567ED32}
	EndGlobalSection
EndGlobal
