
Microsoft Visual Studio Solution File, Format Version 12.00
# Visual Studio Version 17
VisualStudioVersion = 17.14.36202.13 d17.14
MinimumVisualStudioVersion = 10.0.40219.1
Project("{FAE04EC0-301F-11D3-BF4B-00C04F79EFBC}") = "Log4NetDemo", "Log4NetDemo\Log4NetDemo.csproj", "{27ACFC60-BF69-4FC4-93E4-9B6E3F254C72}"
EndProject
Global
	GlobalSection(SolutionConfigurationPlatforms) = preSolution
		Debug|Any CPU = Debug|Any CPU
		Release|Any CPU = Release|Any CPU
	EndGlobalSection
	GlobalSection(ProjectConfigurationPlatforms) = postSolution
		{27ACFC60-BF69-4FC4-93E4-9B6E3F254C72}.Debug|Any CPU.ActiveCfg = Debug|Any CPU
		{27ACFC60-BF69-4FC4-93E4-9B6E3F254C72}.Debug|Any CPU.Build.0 = Debug|Any CPU
		{27ACFC60-BF69-4FC4-93E4-9B6E3F254C72}.Release|Any CPU.ActiveCfg = Release|Any CPU
		{27ACFC60-BF69-4FC4-93E4-9B6E3F254C72}.Release|Any CPU.Build.0 = Release|Any CPU
	EndGlobalSection
	GlobalSection(SolutionProperties) = preSolution
		HideSolutionNode = FALSE
	EndGlobalSection
	GlobalSection(ExtensibilityGlobals) = postSolution
		SolutionGuid = {F0BFAB36-8AF3-4715-BEEA-16799FD4B7F5}
	EndGlobalSection
EndGlobal
