
Microsoft Visual Studio Solution File, Format Version 12.00
# Visual Studio Version 17
VisualStudioVersion = 17.13.35919.96 d17.13
MinimumVisualStudioVersion = 10.0.40219.1
Project("{FAE04EC0-301F-11D3-BF4B-00C04F79EFBC}") = "BookingSystem", "BookingSystem.csproj", "{954C760C-A855-4820-A7CC-21FA9B9599B1}"
EndProject
Global
	GlobalSection(SolutionConfigurationPlatforms) = preSolution
		Debug|Any CPU = Debug|Any CPU
		Release|Any CPU = Release|Any CPU
	EndGlobalSection
	GlobalSection(ProjectConfigurationPlatforms) = postSolution
		{954C760C-A855-4820-A7CC-21FA9B9599B1}.Debug|Any CPU.ActiveCfg = Debug|Any CPU
		{954C760C-A855-4820-A7CC-21FA9B9599B1}.Debug|Any CPU.Build.0 = Debug|Any CPU
		{954C760C-A855-4820-A7CC-21FA9B9599B1}.Release|Any CPU.ActiveCfg = Release|Any CPU
		{954C760C-A855-4820-A7CC-21FA9B9599B1}.Release|Any CPU.Build.0 = Release|Any CPU
	EndGlobalSection
	GlobalSection(SolutionProperties) = preSolution
		HideSolutionNode = FALSE
	EndGlobalSection
	GlobalSection(ExtensibilityGlobals) = postSolution
		SolutionGuid = {44C5D6CA-50A3-4653-A4A0-D62A662205D6}
	EndGlobalSection
EndGlobal
