
Microsoft Visual Studio Solution File, Format Version 12.00
# Visual Studio Version 17
VisualStudioVersion = 17.14.36202.13 d17.14
MinimumVisualStudioVersion = 10.0.40219.1
Project("{FAE04EC0-301F-11D3-BF4B-00C04F79EFBC}") = "AuthenticationDemo", "AuthenticationDemo\AuthenticationDemo.csproj", "{15B8080F-0143-4E4D-B1FF-5F175DFBACBC}"
EndProject
Global
	GlobalSection(SolutionConfigurationPlatforms) = preSolution
		Debug|Any CPU = Debug|Any CPU
		Release|Any CPU = Release|Any CPU
	EndGlobalSection
	GlobalSection(ProjectConfigurationPlatforms) = postSolution
		{15B8080F-0143-4E4D-B1FF-5F175DFBACBC}.Debug|Any CPU.ActiveCfg = Debug|Any CPU
		{15B8080F-0143-4E4D-B1FF-5F175DFBACBC}.Debug|Any CPU.Build.0 = Debug|Any CPU
		{15B8080F-0143-4E4D-B1FF-5F175DFBACBC}.Release|Any CPU.ActiveCfg = Release|Any CPU
		{15B8080F-0143-4E4D-B1FF-5F175DFBACBC}.Release|Any CPU.Build.0 = Release|Any CPU
	EndGlobalSection
	GlobalSection(SolutionProperties) = preSolution
		HideSolutionNode = FALSE
	EndGlobalSection
	GlobalSection(ExtensibilityGlobals) = postSolution
		SolutionGuid = {381295E8-989F-4131-A914-8FA2A75DDDAE}
	EndGlobalSection
EndGlobal
